// !$*UTF8*$!
{
	archiveVersion = 1;
	classes = {
	};
	objectVersion = 55;
	objects = {

/* Begin PBXBuildFile section */
		43AECCFC27E22BEA00E45A66 /* RealmAppApp.swift in Sources */ = {isa = PBXBuildFile; fileRef = 43AECCFB27E22BEA00E45A66 /* RealmAppApp.swift */; };
		43AECCFE27E22BEA00E45A66 /* ContentView.swift in Sources */ = {isa = PBXBuildFile; fileRef = 43AECCFD27E22BEA00E45A66 /* ContentView.swift */; };
		43AECD0027E22BEC00E45A66 /* Assets.xcassets in Resources */ = {isa = PBXBuildFile; fileRef = 43AECCFF27E22BEC00E45A66 /* Assets.xcassets */; };
		43AECD0327E22BEC00E45A66 /* Preview Assets.xcassets in Resources */ = {isa = PBXBuildFile; fileRef = 43AECD0227E22BEC00E45A66 /* Preview Assets.xcassets */; };
		43AECD0B27E22EA400E45A66 /* Realm in Frameworks */ = {isa = PBXBuildFile; productRef = 43AECD0A27E22EA400E45A66 /* Realm */; };
		43AECD0D27E22EA400E45A66 /* RealmSwift in Frameworks */ = {isa = PBXBuildFile; productRef = 43AECD0C27E22EA400E45A66 /* RealmSwift */; };
		43AECD1027E23A3000E45A66 /* Item.swift in Sources */ = {isa = PBXBuildFile; fileRef = 43AECD0F27E23A3000E45A66 /* Item.swift */; };
		43AECD1227E23C6B00E45A66 /* Group.swift in Sources */ = {isa = PBXBuildFile; fileRef = 43AECD1127E23C6B00E45A66 /* Group.swift */; };
		43AECD1427E23DA900E45A66 /* ItemListView.swift in Sources */ = {isa = PBXBuildFile; fileRef = 43AECD1327E23DA900E45A66 /* ItemListView.swift */; };
		43AECD1627E23DDC00E45A66 /* ItemDetailView.swift in Sources */ = {isa = PBXBuildFile; fileRef = 43AECD1527E23DDC00E45A66 /* ItemDetailView.swift */; };
/* End PBXBuildFile section */

/* Begin PBXFileReference section */
		43AECCF827E22BEA00E45A66 /* RealmApp.app */ = {isa = PBXFileReference; explicitFileType = wrapper.application; includeInIndex = 0; path = RealmApp.app; sourceTree = BUILT_PRODUCTS_DIR; };
		43AECCFB27E22BEA00E45A66 /* RealmAppApp.swift */ = {isa = PBXFileReference; lastKnownFileType = sourcecode.swift; path = RealmAppApp.swift; sourceTree = "<group>"; };
		43AECCFD27E22BEA00E45A66 /* ContentView.swift */ = {isa = PBXFileReference; lastKnownFileType = sourcecode.swift; path = ContentView.swift; sourceTree = "<group>"; };
		43AECCFF27E22BEC00E45A66 /* Assets.xcassets */ = {isa = PBXFileReference; lastKnownFileType = folder.assetcatalog; path = Assets.xcassets; sourceTree = "<group>"; };
		43AECD0227E22BEC00E45A66 /* Preview Assets.xcassets */ = {isa = PBXFileReference; lastKnownFileType = folder.assetcatalog; path = "Preview Assets.xcassets"; sourceTree = "<group>"; };
		43AECD0F27E23A3000E45A66 /* Item.swift */ = {isa = PBXFileReference; lastKnownFileType = sourcecode.swift; path = Item.swift; sourceTree = "<group>"; };
		43AECD1127E23C6B00E45A66 /* Group.swift */ = {isa = PBXFileReference; lastKnownFileType = sourcecode.swift; path = Group.swift; sourceTree = "<group>"; };
		43AECD1327E23DA900E45A66 /* ItemListView.swift */ = {isa = PBXFileReference; lastKnownFileType = sourcecode.swift; path = ItemListView.swift; sourceTree = "<group>"; };
		43AECD1527E23DDC00E45A66 /* ItemDetailView.swift */ = {isa = PBXFileReference; lastKnownFileType = sourcecode.swift; path = ItemDetailView.swift; sourceTree = "<group>"; };
/* End PBXFileReference section */

/* Begin PBXFrameworksBuildPhase section */
		43AECCF527E22BEA00E45A66 /* Frameworks */ = {
			isa = PBXFrameworksBuildPhase;
			buildActionMask = 2147483647;
			files = (
				43AECD0D27E22EA400E45A66 /* RealmSwift in Frameworks */,
				43AECD0B27E22EA400E45A66 /* Realm in Frameworks */,
			);
			runOnlyForDeploymentPostprocessing = 0;
		};
/* End PBXFrameworksBuildPhase section */

/* Begin PBXGroup section */
		43AECCEF27E22BEA00E45A66 = {
			isa = PBXGroup;
			children = (
				43AECCFA27E22BEA00E45A66 /* RealmApp */,
				43AECCF927E22BEA00E45A66 /* Products */,
			);
			sourceTree = "<group>";
		};
		43AECCF927E22BEA00E45A66 /* Products */ = {
			isa = PBXGroup;
			children = (
				43AECCF827E22BEA00E45A66 /* RealmApp.app */,
			);
			name = Products;
			sourceTree = "<group>";
		};
		43AECCFA27E22BEA00E45A66 /* RealmApp */ = {
			isa = PBXGroup;
			children = (
				43AECD0E27E22F4C00E45A66 /* model */,
				43AECCFB27E22BEA00E45A66 /* RealmAppApp.swift */,
				43AECCFD27E22BEA00E45A66 /* ContentView.swift */,
				43AECD1327E23DA900E45A66 /* ItemListView.swift */,
				43AECD1527E23DDC00E45A66 /* ItemDetailView.swift */,
				43AECCFF27E22BEC00E45A66 /* Assets.xcassets */,
				43AECD0127E22BEC00E45A66 /* Preview Content */,
			);
			path = RealmApp;
			sourceTree = "<group>";
		};
		43AECD0127E22BEC00E45A66 /* Preview Content */ = {
			isa = PBXGroup;
			children = (
				43AECD0227E22BEC00E45A66 /* Preview Assets.xcassets */,
			);
			path = "Preview Content";
			sourceTree = "<group>";
		};
		43AECD0E27E22F4C00E45A66 /* model */ = {
			isa = PBXGroup;
			children = (
				43AECD0F27E23A3000E45A66 /* Item.swift */,
				43AECD1127E23C6B00E45A66 /* Group.swift */,
			);
			path = model;
			sourceTree = "<group>";
		};
/* End PBXGroup section */

/* Begin PBXNativeTarget section */
		43AECCF727E22BEA00E45A66 /* RealmApp */ = {
			isa = PBXNativeTarget;
			buildConfigurationList = 43AECD0627E22BEC00E45A66 /* Build configuration list for PBXNativeTarget "RealmApp" */;
			buildPhases = (
				43AECCF427E22BEA00E45A66 /* Sources */,
				43AECCF527E22BEA00E45A66 /* Frameworks */,
				43AECCF627E22BEA00E45A66 /* Resources */,
			);
			buildRules = (
			);
			dependencies = (
			);
			name = RealmApp;
			packageProductDependencies = (
				43AECD0A27E22EA400E45A66 /* Realm */,
				43AECD0C27E22EA400E45A66 /* RealmSwift */,
			);
			productName = RealmApp;
			productReference = 43AECCF827E22BEA00E45A66 /* RealmApp.app */;
			productType = "com.apple.product-type.application";
		};
/* End PBXNativeTarget section */

/* Begin PBXProject section */
		43AECCF027E22BEA00E45A66 /* Project object */ = {
			isa = PBXProject;
			attributes = {
				BuildIndependentTargetsInParallel = 1;
				LastSwiftUpdateCheck = 1320;
				LastUpgradeCheck = 1320;
				TargetAttributes = {
					43AECCF727E22BEA00E45A66 = {
						CreatedOnToolsVersion = 13.2.1;
					};
				};
			};
			buildConfigurationList = 43AECCF327E22BEA00E45A66 /* Build configuration list for PBXProject "RealmApp" */;
			compatibilityVersion = "Xcode 13.0";
			developmentRegion = en;
			hasScannedForEncodings = 0;
			knownRegions = (
				en,
				Base,
			);
			mainGroup = 43AECCEF27E22BEA00E45A66;
			packageReferences = (
				43AECD0927E22EA400E45A66 /* XCRemoteSwiftPackageReference "realm-swift" */,
			);
			productRefGroup = 43AECCF927E22BEA00E45A66 /* Products */;
			projectDirPath = "";
			projectRoot = "";
			targets = (
				43AECCF727E22BEA00E45A66 /* RealmApp */,
			);
		};
/* End PBXProject section */

/* Begin PBXResourcesBuildPhase section */
		43AECCF627E22BEA00E45A66 /* Resources */ = {
			isa = PBXResourcesBuildPhase;
			buildActionMask = 2147483647;
			files = (
				43AECD0327E22BEC00E45A66 /* Preview Assets.xcassets in Resources */,
				43AECD0027E22BEC00E45A66 /* Assets.xcassets in Resources */,
			);
			runOnlyForDeploymentPostprocessing = 0;
		};
/* End PBXResourcesBuildPhase section */

/* Begin PBXSourcesBuildPhase section */
		43AECCF427E22BEA00E45A66 /* Sources */ = {
			isa = PBXSourcesBuildPhase;
			buildActionMask = 2147483647;
			files = (
				43AECD1627E23DDC00E45A66 /* ItemDetailView.swift in Sources */,
				43AECD1427E23DA900E45A66 /* ItemListView.swift in Sources */,
				43AECCFE27E22BEA00E45A66 /* ContentView.swift in Sources */,
				43AECD1027E23A3000E45A66 /* Item.swift in Sources */,
				43AECCFC27E22BEA00E45A66 /* RealmAppApp.swift in Sources */,
				43AECD1227E23C6B00E45A66 /* Group.swift in Sources */,
			);
			runOnlyForDeploymentPostprocessing = 0;
		};
/* End PBXSourcesBuildPhase section */

/* Begin XCBuildConfiguration section */
		43AECD0427E22BEC00E45A66 /* Debug */ = {
			isa = XCBuildConfiguration;
			buildSettings = {
				ALWAYS_SEARCH_USER_PATHS = NO;
				CLANG_ANALYZER_NONNULL = YES;
				CLANG_ANALYZER_NUMBER_OBJECT_CONVERSION = YES_AGGRESSIVE;
				CLANG_CXX_LANGUAGE_STANDARD = "gnu++17";
				CLANG_CXX_LIBRARY = "libc++";
				CLANG_ENABLE_MODULES = YES;
				CLANG_ENABLE_OBJC_ARC = YES;
				CLANG_ENABLE_OBJC_WEAK = YES;
				CLANG_WARN_BLOCK_CAPTURE_AUTORELEASING = YES;
				CLANG_WARN_BOOL_CONVERSION = YES;
				CLANG_WARN_COMMA = YES;
				CLANG_WARN_CONSTANT_CONVERSION = YES;
				CLANG_WARN_DEPRECATED_OBJC_IMPLEMENTATIONS = YES;
				CLANG_WARN_DIRECT_OBJC_ISA_USAGE = YES_ERROR;
				CLANG_WARN_DOCUMENTATION_COMMENTS = YES;
				CLANG_WARN_EMPTY_BODY = YES;
				CLANG_WARN_ENUM_CONVERSION = YES;
				CLANG_WARN_INFINITE_RECURSION = YES;
				CLANG_WARN_INT_CONVERSION = YES;
				CLANG_WARN_NON_LITERAL_NULL_CONVERSION = YES;
				CLANG_WARN_OBJC_IMPLICIT_RETAIN_SELF = YES;
				CLANG_WARN_OBJC_LITERAL_CONVERSION = YES;
				CLANG_WARN_OBJC_ROOT_CLASS = YES_ERROR;
				CLANG_WARN_QUOTED_INCLUDE_IN_FRAMEWORK_HEADER = YES;
				CLANG_WARN_RANGE_LOOP_ANALYSIS = YES;
				CLANG_WARN_STRICT_PROTOTYPES = YES;
				CLANG_WARN_SUSPICIOUS_MOVE = YES;
				CLANG_WARN_UNGUARDED_AVAILABILITY = YES_AGGRESSIVE;
				CLANG_WARN_UNREACHABLE_CODE = YES;
				CLANG_WARN__DUPLICATE_METHOD_MATCH = YES;
				COPY_PHASE_STRIP = NO;
				DEBUG_INFORMATION_FORMAT = dwarf;
				ENABLE_STRICT_OBJC_MSGSEND = YES;
				ENABLE_TESTABILITY = YES;
				GCC_C_LANGUAGE_STANDARD = gnu11;
				GCC_DYNAMIC_NO_PIC = NO;
				GCC_NO_COMMON_BLOCKS = YES;
				GCC_OPTIMIZATION_LEVEL = 0;
				GCC_PREPROCESSOR_DEFINITIONS = (
					"DEBUG=1",
					"$(inherited)",
				);
				GCC_WARN_64_TO_32_BIT_CONVERSION = YES;
				GCC_WARN_ABOUT_RETURN_TYPE = YES_ERROR;
				GCC_WARN_UNDECLARED_SELECTOR = YES;
				GCC_WARN_UNINITIALIZED_AUTOS = YES_AGGRESSIVE;
				GCC_WARN_UNUSED_FUNCTION = YES;
				GCC_WARN_UNUSED_VARIABLE = YES;
				IPHONEOS_DEPLOYMENT_TARGET = 15.2;
				MTL_ENABLE_DEBUG_INFO = INCLUDE_SOURCE;
				MTL_FAST_MATH = YES;
				ONLY_ACTIVE_ARCH = YES;
				SDKROOT = iphoneos;
				SWIFT_ACTIVE_COMPILATION_CONDITIONS = DEBUG;
				SWIFT_OPTIMIZATION_LEVEL = "-Onone";
			};
			name = Debug;
		};
		43AECD0527E22BEC00E45A66 /* Release */ = {
			isa = XCBuildConfiguration;
			buildSettings = {
				ALWAYS_SEARCH_USER_PATHS = NO;
				CLANG_ANALYZER_NONNULL = YES;
				CLANG_ANALYZER_NUMBER_OBJECT_CONVERSION = YES_AGGRESSIVE;
				CLANG_CXX_LANGUAGE_STANDARD = "gnu++17";
				CLANG_CXX_LIBRARY = "libc++";
				CLANG_ENABLE_MODULES = YES;
				CLANG_ENABLE_OBJC_ARC = YES;
				CLANG_ENABLE_OBJC_WEAK = YES;
				CLANG_WARN_BLOCK_CAPTURE_AUTORELEASING = YES;
				CLANG_WARN_BOOL_CONVERSION = YES;
				CLANG_WARN_COMMA = YES;
				CLANG_WARN_CONSTANT_CONVERSION = YES;
				CLANG_WARN_DEPRECATED_OBJC_IMPLEMENTATIONS = YES;
				CLANG_WARN_DIRECT_OBJC_ISA_USAGE = YES_ERROR;
				CLANG_WARN_DOCUMENTATION_COMMENTS = YES;
				CLANG_WARN_EMPTY_BODY = YES;
				CLANG_WARN_ENUM_CONVERSION = YES;
				CLANG_WARN_INFINITE_RECURSION = YES;
				CLANG_WARN_INT_CONVERSION = YES;
				CLANG_WARN_NON_LITERAL_NULL_CONVERSION = YES;
				CLANG_WARN_OBJC_IMPLICIT_RETAIN_SELF = YES;
				CLANG_WARN_OBJC_LITERAL_CONVERSION = YES;
				CLANG_WARN_OBJC_ROOT_CLASS = YES_ERROR;
				CLANG_WARN_QUOTED_INCLUDE_IN_FRAMEWORK_HEADER = YES;
				CLANG_WARN_RANGE_LOOP_ANALYSIS = YES;
				CLANG_WARN_STRICT_PROTOTYPES = YES;
				CLANG_WARN_SUSPICIOUS_MOVE = YES;
				CLANG_WARN_UNGUARDED_AVAILABILITY = YES_AGGRESSIVE;
				CLANG_WARN_UNREACHABLE_CODE = YES;
				CLANG_WARN__DUPLICATE_METHOD_MATCH = YES;
				COPY_PHASE_STRIP = NO;
				DEBUG_INFORMATION_FORMAT = "dwarf-with-dsym";
				ENABLE_NS_ASSERTIONS = NO;
				ENABLE_STRICT_OBJC_MSGSEND = YES;
				GCC_C_LANGUAGE_STANDARD = gnu11;
				GCC_NO_COMMON_BLOCKS = YES;
				GCC_WARN_64_TO_32_BIT_CONVERSION = YES;
				GCC_WARN_ABOUT_RETURN_TYPE = YES_ERROR;
				GCC_WARN_UNDECLARED_SELECTOR = YES;
				GCC_WARN_UNINITIALIZED_AUTOS = YES_AGGRESSIVE;
				GCC_WARN_UNUSED_FUNCTION = YES;
				GCC_WARN_UNUSED_VARIABLE = YES;
				IPHONEOS_DEPLOYMENT_TARGET = 15.2;
				MTL_ENABLE_DEBUG_INFO = NO;
				MTL_FAST_MATH = YES;
				SDKROOT = iphoneos;
				SWIFT_COMPILATION_MODE = wholemodule;
				SWIFT_OPTIMIZATION_LEVEL = "-O";
				VALIDATE_PRODUCT = YES;
			};
			name = Release;
		};
		43AECD0727E22BEC00E45A66 /* Debug */ = {
			isa = XCBuildConfiguration;
			buildSettings = {
				ASSETCATALOG_COMPILER_APPICON_NAME = AppIcon;
				ASSETCATALOG_COMPILER_GLOBAL_ACCENT_COLOR_NAME = AccentColor;
				CODE_SIGN_STYLE = Automatic;
				CURRENT_PROJECT_VERSION = 1;
				DEVELOPMENT_ASSET_PATHS = "\"RealmApp/Preview Content\"";
				DEVELOPMENT_TEAM = QAHF5QF5CA;
				ENABLE_PREVIEWS = YES;
				GENERATE_INFOPLIST_FILE = YES;
				INFOPLIST_KEY_UIApplicationSceneManifest_Generation = YES;
				INFOPLIST_KEY_UIApplicationSupportsIndirectInputEvents = YES;
				INFOPLIST_KEY_UILaunchScreen_Generation = YES;
				INFOPLIST_KEY_UISupportedInterfaceOrientations_iPad = "UIInterfaceOrientationPortrait UIInterfaceOrientationPortraitUpsideDown UIInterfaceOrientationLandscapeLeft UIInterfaceOrientationLandscapeRight";
				INFOPLIST_KEY_UISupportedInterfaceOrientations_iPhone = "UIInterfaceOrientationPortrait UIInterfaceOrientationLandscapeLeft UIInterfaceOrientationLandscapeRight";
				LD_RUNPATH_SEARCH_PATHS = (
					"$(inherited)",
					"@executable_path/Frameworks",
				);
				MARKETING_VERSION = 1.0;
				PRODUCT_BUNDLE_IDENTIFIER = com.gaalbaat.RealmApp;
				PRODUCT_NAME = "$(TARGET_NAME)";
				SWIFT_EMIT_LOC_STRINGS = YES;
				SWIFT_VERSION = 5.0;
				TARGETED_DEVICE_FAMILY = "1,2";
			};
			name = Debug;
		};
		43AECD0827E22BEC00E45A66 /* Release */ = {
			isa = XCBuildConfiguration;
			buildSettings = {
				ASSETCATALOG_COMPILER_APPICON_NAME = AppIcon;
				ASSETCATALOG_COMPILER_GLOBAL_ACCENT_COLOR_NAME = AccentColor;
				CODE_SIGN_STYLE = Automatic;
				CURRENT_PROJECT_VERSION = 1;
				DEVELOPMENT_ASSET_PATHS = "\"RealmApp/Preview Content\"";
				DEVELOPMENT_TEAM = QAHF5QF5CA;
				ENABLE_PREVIEWS = YES;
				GENERATE_INFOPLIST_FILE = YES;
				INFOPLIST_KEY_UIApplicationSceneManifest_Generation = YES;
				INFOPLIST_KEY_UIApplicationSupportsIndirectInputEvents = YES;
				INFOPLIST_KEY_UILaunchScreen_Generation = YES;
				INFOPLIST_KEY_UISupportedInterfaceOrientations_iPad = "UIInterfaceOrientationPortrait UIInterfaceOrientationPortraitUpsideDown UIInterfaceOrientationLandscapeLeft UIInterfaceOrientationLandscapeRight";
				INFOPLIST_KEY_UISupportedInterfaceOrientations_iPhone = "UIInterfaceOrientationPortrait UIInterfaceOrientationLandscapeLeft UIInterfaceOrientationLandscapeRight";
				LD_RUNPATH_SEARCH_PATHS = (
					"$(inherited)",
					"@executable_path/Frameworks",
				);
				MARKETING_VERSION = 1.0;
				PRODUCT_BUNDLE_IDENTIFIER = com.gaalbaat.RealmApp;
				PRODUCT_NAME = "$(TARGET_NAME)";
				SWIFT_EMIT_LOC_STRINGS = YES;
				SWIFT_VERSION = 5.0;
				TARGETED_DEVICE_FAMILY = "1,2";
			};
			name = Release;
		};
/* End XCBuildConfiguration section */

/* Begin XCConfigurationList section */
		43AECCF327E22BEA00E45A66 /* Build configuration list for PBXProject "RealmApp" */ = {
			isa = XCConfigurationList;
			buildConfigurations = (
				43AECD0427E22BEC00E45A66 /* Debug */,
				43AECD0527E22BEC00E45A66 /* Release */,
			);
			defaultConfigurationIsVisible = 0;
			defaultConfigurationName = Release;
		};
		43AECD0627E22BEC00E45A66 /* Build configuration list for PBXNativeTarget "RealmApp" */ = {
			isa = XCConfigurationList;
			buildConfigurations = (
				43AECD0727E22BEC00E45A66 /* Debug */,
				43AECD0827E22BEC00E45A66 /* Release */,
			);
			defaultConfigurationIsVisible = 0;
			defaultConfigurationName = Release;
		};
/* End XCConfigurationList section */

/* Begin XCRemoteSwiftPackageReference section */
		43AECD0927E22EA400E45A66 /* XCRemoteSwiftPackageReference "realm-swift" */ = {
			isa = XCRemoteSwiftPackageReference;
			repositoryURL = "https://github.com/realm/realm-swift.git";
			requirement = {
				branch = master;
				kind = branch;
			};
		};
/* End XCRemoteSwiftPackageReference section */

/* Begin XCSwiftPackageProductDependency section */
		43AECD0A27E22EA400E45A66 /* Realm */ = {
			isa = XCSwiftPackageProductDependency;
			package = 43AECD0927E22EA400E45A66 /* XCRemoteSwiftPackageReference "realm-swift" */;
			productName = Realm;
		};
		43AECD0C27E22EA400E45A66 /* RealmSwift */ = {
			isa = XCSwiftPackageProductDependency;
			package = 43AECD0927E22EA400E45A66 /* XCRemoteSwiftPackageReference "realm-swift" */;
			productName = RealmSwift;
		};
/* End XCSwiftPackageProductDependency section */
	};
	rootObject = 43AECCF027E22BEA00E45A66 /* Project object */;
}
